
Microsoft Visual Studio Solution File, Format Version 11.00
# Visual C# Express 2010
Project("{FAE04EC0-301F-11D3-BF4B-00C04F79EFBC}") = "LunarBaseCore", "LunarBaseSimulation\LunarBaseCore.csproj", "{DE97E63E-D306-4D29-A7F2-937E20E9FDAB}"
EndProject
Project("{FAE04EC0-301F-11D3-BF4B-00C04F79EFBC}") = "CoreTestHarness", "CoreTestHarness\CoreTestHarness.csproj", "{C5D70054-CA4F-4D89-B570-8476731EADAC}"
EndProject
Global
	GlobalSection(SolutionConfigurationPlatforms) = preSolution
		Debug|Any CPU = Debug|Any CPU
		Debug|Mixed Platforms = Debug|Mixed Platforms
		Debug|x86 = Debug|x86
		Release|Any CPU = Release|Any CPU
		Release|Mixed Platforms = Release|Mixed Platforms
		Release|x86 = Release|x86
	EndGlobalSection
	GlobalSection(ProjectConfigurationPlatforms) = postSolution
		{DE97E63E-D306-4D29-A7F2-937E20E9FDAB}.Debug|Any CPU.ActiveCfg = Debug|Any CPU
		{DE97E63E-D306-4D29-A7F2-937E20E9FDAB}.Debug|Any CPU.Build.0 = Debug|Any CPU
		{DE97E63E-D306-4D29-A7F2-937E20E9FDAB}.Debug|Mixed Platforms.ActiveCfg = Debug|Any CPU
		{DE97E63E-D306-4D29-A7F2-937E20E9FDAB}.Debug|Mixed Platforms.Build.0 = Debug|Any CPU
		{DE97E63E-D306-4D29-A7F2-937E20E9FDAB}.Debug|x86.ActiveCfg = Debug|Any CPU
		{DE97E63E-D306-4D29-A7F2-937E20E9FDAB}.Release|Any CPU.ActiveCfg = Release|Any CPU
		{DE97E63E-D306-4D29-A7F2-937E20E9FDAB}.Release|Any CPU.Build.0 = Release|Any CPU
		{DE97E63E-D306-4D29-A7F2-937E20E9FDAB}.Release|Mixed Platforms.ActiveCfg = Release|Any CPU
		{DE97E63E-D306-4D29-A7F2-937E20E9FDAB}.Release|Mixed Platforms.Build.0 = Release|Any CPU
		{DE97E63E-D306-4D29-A7F2-937E20E9FDAB}.Release|x86.ActiveCfg = Release|Any CPU
		{C5D70054-CA4F-4D89-B570-8476731EADAC}.Debug|Any CPU.ActiveCfg = Debug|x86
		{C5D70054-CA4F-4D89-B570-8476731EADAC}.Debug|Mixed Platforms.ActiveCfg = Debug|x86
		{C5D70054-CA4F-4D89-B570-8476731EADAC}.Debug|Mixed Platforms.Build.0 = Debug|x86
		{C5D70054-CA4F-4D89-B570-8476731EADAC}.Debug|x86.ActiveCfg = Debug|x86
		{C5D70054-CA4F-4D89-B570-8476731EADAC}.Debug|x86.Build.0 = Debug|x86
		{C5D70054-CA4F-4D89-B570-8476731EADAC}.Release|Any CPU.ActiveCfg = Release|x86
		{C5D70054-CA4F-4D89-B570-8476731EADAC}.Release|Mixed Platforms.ActiveCfg = Release|x86
		{C5D70054-CA4F-4D89-B570-8476731EADAC}.Release|Mixed Platforms.Build.0 = Release|x86
		{C5D70054-CA4F-4D89-B570-8476731EADAC}.Release|x86.ActiveCfg = Release|x86
		{C5D70054-CA4F-4D89-B570-8476731EADAC}.Release|x86.Build.0 = Release|x86
	EndGlobalSection
	GlobalSection(SolutionProperties) = preSolution
		HideSolutionNode = FALSE
	EndGlobalSection
EndGlobal
